
Microsoft Visual Studio Solution File, Format Version 11.00
# Visual Studio 2010
Project("{FAE04EC0-301F-11D3-BF4B-00C04F79EFBC}") = "Assembly-CSharp", "Assembly-CSharp.csproj", "{827D2E0A-0845-C305-DD76-753E3FFB2B52}"
EndProject
Project("{FAE04EC0-301F-11D3-BF4B-00C04F79EFBC}") = "Assembly-CSharp-firstpass", "Assembly-CSharp-firstpass.csproj", "{4D7DCF27-E70C-32DB-43D2-FB0B0BE64F69}"
EndProject
Global
	GlobalSection(SolutionConfigurationPlatforms) = preSolution
		Debug|Any CPU = Debug|Any CPU
		Release|Any CPU = Release|Any CPU
	EndGlobalSection
	GlobalSection(ProjectConfigurationPlatforms) = postSolution
		{827D2E0A-0845-C305-DD76-753E3FFB2B52}.Debug|Any CPU.ActiveCfg = Debug|Any CPU
		{827D2E0A-0845-C305-DD76-753E3FFB2B52}.Debug|Any CPU.Build.0 = Debug|Any CPU
		{827D2E0A-0845-C305-DD76-753E3FFB2B52}.Release|Any CPU.ActiveCfg = Release|Any CPU
		{827D2E0A-0845-C305-DD76-753E3FFB2B52}.Release|Any CPU.Build.0 = Release|Any CPU
		{4D7DCF27-E70C-32DB-43D2-FB0B0BE64F69}.Debug|Any CPU.ActiveCfg = Debug|Any CPU
		{4D7DCF27-E70C-32DB-43D2-FB0B0BE64F69}.Debug|Any CPU.Build.0 = Debug|Any CPU
		{4D7DCF27-E70C-32DB-43D2-FB0B0BE64F69}.Release|Any CPU.ActiveCfg = Release|Any CPU
		{4D7DCF27-E70C-32DB-43D2-FB0B0BE64F69}.Release|Any CPU.Build.0 = Release|Any CPU
	EndGlobalSection
	GlobalSection(SolutionProperties) = preSolution
		HideSolutionNode = FALSE
	EndGlobalSection
	GlobalSection(MonoDevelopProperties) = preSolution
		StartupItem = Assembly-CSharp.csproj
	EndGlobalSection
EndGlobal
